
Microsoft Visual Studio Solution File, Format Version 12.00
# Visual Studio Version 17
VisualStudioVersion = 17.2.32616.157
MinimumVisualStudioVersion = 10.0.40219.1
Project("{9A19103F-16F7-4668-BE54-9A1E7A4F7556}") = "MB.Domain", "MB.Domain\MB.Domain.csproj", "{85F69118-F15A-4947-A827-060DC63ECD3F}"
EndProject
Project("{9A19103F-16F7-4668-BE54-9A1E7A4F7556}") = "MB.Application.Contracts", "MB.Application.Contracts\MB.Application.Contracts.csproj", "{9D3698D4-9A2C-4C4D-827B-9602872D69FC}"
EndProject
Project("{9A19103F-16F7-4668-BE54-9A1E7A4F7556}") = "MB.Application", "MB.Application\MB.Application.csproj", "{D04251C2-72A6-4027-BCBD-D52049DB9E03}"
EndProject
Project("{9A19103F-16F7-4668-BE54-9A1E7A4F7556}") = "MB.Infrastructure.EFCore", "MB.Infrastructure.EFCore\MB.Infrastructure.EFCore.csproj", "{ABA5BA2E-3E8E-4727-A7D3-02DCF90DEF47}"
EndProject
Project("{9A19103F-16F7-4668-BE54-9A1E7A4F7556}") = "MB.Presentation", "MB.Presentation\MB.Presentation.csproj", "{88254B40-3FD6-4A9C-B227-68609E51BF36}"
EndProject
Global
	GlobalSection(SolutionConfigurationPlatforms) = preSolution
		Debug|Any CPU = Debug|Any CPU
		Release|Any CPU = Release|Any CPU
	EndGlobalSection
	GlobalSection(ProjectConfigurationPlatforms) = postSolution
		{85F69118-F15A-4947-A827-060DC63ECD3F}.Debug|Any CPU.ActiveCfg = Debug|Any CPU
		{85F69118-F15A-4947-A827-060DC63ECD3F}.Debug|Any CPU.Build.0 = Debug|Any CPU
		{85F69118-F15A-4947-A827-060DC63ECD3F}.Release|Any CPU.ActiveCfg = Release|Any CPU
		{85F69118-F15A-4947-A827-060DC63ECD3F}.Release|Any CPU.Build.0 = Release|Any CPU
		{9D3698D4-9A2C-4C4D-827B-9602872D69FC}.Debug|Any CPU.ActiveCfg = Debug|Any CPU
		{9D3698D4-9A2C-4C4D-827B-9602872D69FC}.Debug|Any CPU.Build.0 = Debug|Any CPU
		{9D3698D4-9A2C-4C4D-827B-9602872D69FC}.Release|Any CPU.ActiveCfg = Release|Any CPU
		{9D3698D4-9A2C-4C4D-827B-9602872D69FC}.Release|Any CPU.Build.0 = Release|Any CPU
		{D04251C2-72A6-4027-BCBD-D52049DB9E03}.Debug|Any CPU.ActiveCfg = Debug|Any CPU
		{D04251C2-72A6-4027-BCBD-D52049DB9E03}.Debug|Any CPU.Build.0 = Debug|Any CPU
		{D04251C2-72A6-4027-BCBD-D52049DB9E03}.Release|Any CPU.ActiveCfg = Release|Any CPU
		{D04251C2-72A6-4027-BCBD-D52049DB9E03}.Release|Any CPU.Build.0 = Release|Any CPU
		{ABA5BA2E-3E8E-4727-A7D3-02DCF90DEF47}.Debug|Any CPU.ActiveCfg = Debug|Any CPU
		{ABA5BA2E-3E8E-4727-A7D3-02DCF90DEF47}.Debug|Any CPU.Build.0 = Debug|Any CPU
		{ABA5BA2E-3E8E-4727-A7D3-02DCF90DEF47}.Release|Any CPU.ActiveCfg = Release|Any CPU
		{ABA5BA2E-3E8E-4727-A7D3-02DCF90DEF47}.Release|Any CPU.Build.0 = Release|Any CPU
		{88254B40-3FD6-4A9C-B227-68609E51BF36}.Debug|Any CPU.ActiveCfg = Debug|Any CPU
		{88254B40-3FD6-4A9C-B227-68609E51BF36}.Debug|Any CPU.Build.0 = Debug|Any CPU
		{88254B40-3FD6-4A9C-B227-68609E51BF36}.Release|Any CPU.ActiveCfg = Release|Any CPU
		{88254B40-3FD6-4A9C-B227-68609E51BF36}.Release|Any CPU.Build.0 = Release|Any CPU
	EndGlobalSection
	GlobalSection(SolutionProperties) = preSolution
		HideSolutionNode = FALSE
	EndGlobalSection
	GlobalSection(ExtensibilityGlobals) = postSolution
		SolutionGuid = {A5B6A76B-3D97-40CD-BA50-CD29DC67D111}
	EndGlobalSection
EndGlobal
